Microsoft Visual Studio Solution File, Format Version 11.00
# Visual Studio 2015
Project("{6AED186C-0E06-BDED-0373-955679A1C350}") = "life_cpp", "life_cpp.vcxproj", "{DFD56BFC-D701-488E-42B1-F3F65DD8AE7F}"
EndProject
Global
	GlobalSection(SolutionConfigurationPlatforms) = preSolution
		Debug|Win32 = Debug|Win32
		Release|Win32 = Release|Win32
	EndGlobalSection
	GlobalSection(ProjectConfigurationPlatforms) = postSolution
		{DFD56BFC-D701-488E-42B1-F3F65DD8AE7F}.Debug|Win32.ActiveCfg = Debug|Win32
		{DFD56BFC-D701-488E-42B1-F3F65DD8AE7F}.Debug|Win32.Build.0 = Debug|Win32
		{DFD56BFC-D701-488E-42B1-F3F65DD8AE7F}.Release|Win32.ActiveCfg = Release|Win32
		{DFD56BFC-D701-488E-42B1-F3F65DD8AE7F}.Release|Win32.Build.0 = Release|Win32
	EndGlobalSection
	GlobalSection(SolutionProperties) = preSolution
		HideSolutionNode = FALSE
	EndGlobalSection
EndGlobal
